
Microsoft Visual Studio Solution File, Format Version 12.00
# Visual Studio Version 16
VisualStudioVersion = 16.0.30330.147
MinimumVisualStudioVersion = 10.0.40219.1
Project("{FAE04EC0-301F-11D3-BF4B-00C04F79EFBC}") = "TestApplicatie", "TestApplicatie\TestApplicatie.csproj", "{06AAC0FB-69FC-4715-B6DD-0A1C7DF39DC5}"
EndProject
Global
	GlobalSection(SolutionConfigurationPlatforms) = preSolution
		Debug|Any CPU = Debug|Any CPU
		Release|Any CPU = Release|Any CPU
	EndGlobalSection
	GlobalSection(ProjectConfigurationPlatforms) = postSolution
		{06AAC0FB-69FC-4715-B6DD-0A1C7DF39DC5}.Debug|Any CPU.ActiveCfg = Debug|Any CPU
		{06AAC0FB-69FC-4715-B6DD-0A1C7DF39DC5}.Debug|Any CPU.Build.0 = Debug|Any CPU
		{06AAC0FB-69FC-4715-B6DD-0A1C7DF39DC5}.Release|Any CPU.ActiveCfg = Release|Any CPU
		{06AAC0FB-69FC-4715-B6DD-0A1C7DF39DC5}.Release|Any CPU.Build.0 = Release|Any CPU
	EndGlobalSection
	GlobalSection(SolutionProperties) = preSolution
		HideSolutionNode = FALSE
	EndGlobalSection
	GlobalSection(ExtensibilityGlobals) = postSolution
		SolutionGuid = {225B104C-C266-469D-98C0-825B93966BF9}
	EndGlobalSection
EndGlobal
